
Microsoft Visual Studio Solution File, Format Version 11.00
# Visual Studio 2010
Project("{FAE04EC0-301F-11D3-BF4B-00C04F79EFBC}") = "KTSDCPrint", "KTSDCPrint.csproj", "{B72961C0-BD8B-4C2D-AFB1-C9070355F7EE}"
EndProject
Project("{FAE04EC0-301F-11D3-BF4B-00C04F79EFBC}") = "KTWPFAppBase", "KTWPFAppBase\KTWPFAppBase.csproj", "{82BB8549-A96A-4E07-9349-F48631AEC29E}"
EndProject
Project("{FAE04EC0-301F-11D3-BF4B-00C04F79EFBC}") = "KTIRFID", "KTIRFID\KTIRFID.csproj", "{F676B2F6-A2E6-4275-A02F-3F58EE6AD9B5}"
EndProject
Project("{FAE04EC0-301F-11D3-BF4B-00C04F79EFBC}") = "RFIDGlobal", "RFIDGlobal\RFIDGlobal.csproj", "{F17BBF0E-FA42-4762-9EC6-64DEF7B5DFAF}"
EndProject
Project("{FAE04EC0-301F-11D3-BF4B-00C04F79EFBC}") = "TrackerRetailDataAccess", "TrackerRetailDataAccess\TrackerRetailDataAccess.csproj", "{B60BD16F-0CE4-4F8C-94C6-90DF6A6F8C4D}"
EndProject
Project("{FAE04EC0-301F-11D3-BF4B-00C04F79EFBC}") = "KTDBBaseLib", "KTDBBaseLib\KTDBBaseLib.csproj", "{7F2F15E3-E9C6-474A-B5C5-D0FCD3307CAF}"
EndProject
Project("{FAE04EC0-301F-11D3-BF4B-00C04F79EFBC}") = "SDCBusinessLogic", "SDCBusinessLogic\SDCBusinessLogic.csproj", "{4F3619A0-2104-4DF4-97F7-5B7F1514EFC0}"
EndProject
Project("{FAE04EC0-301F-11D3-BF4B-00C04F79EFBC}") = "KTDAGlobaApplLib", "KTDAGlobaApplLib\KTDAGlobaApplLib.csproj", "{8A3D481D-D598-40F1-BF82-5A5CEF87B904}"
EndProject
Project("{FAE04EC0-301F-11D3-BF4B-00C04F79EFBC}") = "SmartDCDataAccess", "SmartDCDataAccess\SmartDCDataAccess.csproj", "{C811875A-2563-471B-9398-54F6086FFAA6}"
EndProject
Global
	GlobalSection(SolutionConfigurationPlatforms) = preSolution
		Debug|Any CPU = Debug|Any CPU
		Debug|x86 = Debug|x86
		Release|Any CPU = Release|Any CPU
		Release|x86 = Release|x86
	EndGlobalSection
	GlobalSection(ProjectConfigurationPlatforms) = postSolution
		{B72961C0-BD8B-4C2D-AFB1-C9070355F7EE}.Debug|Any CPU.ActiveCfg = Debug|Any CPU
		{B72961C0-BD8B-4C2D-AFB1-C9070355F7EE}.Debug|Any CPU.Build.0 = Debug|Any CPU
		{B72961C0-BD8B-4C2D-AFB1-C9070355F7EE}.Debug|x86.ActiveCfg = Debug|x86
		{B72961C0-BD8B-4C2D-AFB1-C9070355F7EE}.Debug|x86.Build.0 = Debug|x86
		{B72961C0-BD8B-4C2D-AFB1-C9070355F7EE}.Release|Any CPU.ActiveCfg = Release|Any CPU
		{B72961C0-BD8B-4C2D-AFB1-C9070355F7EE}.Release|Any CPU.Build.0 = Release|Any CPU
		{B72961C0-BD8B-4C2D-AFB1-C9070355F7EE}.Release|x86.ActiveCfg = Release|x86
		{B72961C0-BD8B-4C2D-AFB1-C9070355F7EE}.Release|x86.Build.0 = Release|x86
		{82BB8549-A96A-4E07-9349-F48631AEC29E}.Debug|Any CPU.ActiveCfg = Debug|Any CPU
		{82BB8549-A96A-4E07-9349-F48631AEC29E}.Debug|Any CPU.Build.0 = Debug|Any CPU
		{82BB8549-A96A-4E07-9349-F48631AEC29E}.Debug|x86.ActiveCfg = Debug|x86
		{82BB8549-A96A-4E07-9349-F48631AEC29E}.Debug|x86.Build.0 = Debug|x86
		{82BB8549-A96A-4E07-9349-F48631AEC29E}.Release|Any CPU.ActiveCfg = Release|Any CPU
		{82BB8549-A96A-4E07-9349-F48631AEC29E}.Release|Any CPU.Build.0 = Release|Any CPU
		{82BB8549-A96A-4E07-9349-F48631AEC29E}.Release|x86.ActiveCfg = Release|x86
		{82BB8549-A96A-4E07-9349-F48631AEC29E}.Release|x86.Build.0 = Release|x86
		{F676B2F6-A2E6-4275-A02F-3F58EE6AD9B5}.Debug|Any CPU.ActiveCfg = Debug|Any CPU
		{F676B2F6-A2E6-4275-A02F-3F58EE6AD9B5}.Debug|Any CPU.Build.0 = Debug|Any CPU
		{F676B2F6-A2E6-4275-A02F-3F58EE6AD9B5}.Debug|x86.ActiveCfg = Debug|x86
		{F676B2F6-A2E6-4275-A02F-3F58EE6AD9B5}.Debug|x86.Build.0 = Debug|x86
		{F676B2F6-A2E6-4275-A02F-3F58EE6AD9B5}.Release|Any CPU.ActiveCfg = Release|Any CPU
		{F676B2F6-A2E6-4275-A02F-3F58EE6AD9B5}.Release|Any CPU.Build.0 = Release|Any CPU
		{F676B2F6-A2E6-4275-A02F-3F58EE6AD9B5}.Release|x86.ActiveCfg = Release|x86
		{F676B2F6-A2E6-4275-A02F-3F58EE6AD9B5}.Release|x86.Build.0 = Release|x86
		{F17BBF0E-FA42-4762-9EC6-64DEF7B5DFAF}.Debug|Any CPU.ActiveCfg = Debug|Any CPU
		{F17BBF0E-FA42-4762-9EC6-64DEF7B5DFAF}.Debug|Any CPU.Build.0 = Debug|Any CPU
		{F17BBF0E-FA42-4762-9EC6-64DEF7B5DFAF}.Debug|x86.ActiveCfg = Debug|x86
		{F17BBF0E-FA42-4762-9EC6-64DEF7B5DFAF}.Debug|x86.Build.0 = Debug|x86
		{F17BBF0E-FA42-4762-9EC6-64DEF7B5DFAF}.Release|Any CPU.ActiveCfg = Release|Any CPU
		{F17BBF0E-FA42-4762-9EC6-64DEF7B5DFAF}.Release|Any CPU.Build.0 = Release|Any CPU
		{F17BBF0E-FA42-4762-9EC6-64DEF7B5DFAF}.Release|x86.ActiveCfg = Release|x86
		{F17BBF0E-FA42-4762-9EC6-64DEF7B5DFAF}.Release|x86.Build.0 = Release|x86
		{B60BD16F-0CE4-4F8C-94C6-90DF6A6F8C4D}.Debug|Any CPU.ActiveCfg = Debug|Any CPU
		{B60BD16F-0CE4-4F8C-94C6-90DF6A6F8C4D}.Debug|Any CPU.Build.0 = Debug|Any CPU
		{B60BD16F-0CE4-4F8C-94C6-90DF6A6F8C4D}.Debug|x86.ActiveCfg = Debug|Any CPU
		{B60BD16F-0CE4-4F8C-94C6-90DF6A6F8C4D}.Release|Any CPU.ActiveCfg = Release|Any CPU
		{B60BD16F-0CE4-4F8C-94C6-90DF6A6F8C4D}.Release|Any CPU.Build.0 = Release|Any CPU
		{B60BD16F-0CE4-4F8C-94C6-90DF6A6F8C4D}.Release|x86.ActiveCfg = Release|Any CPU
		{7F2F15E3-E9C6-474A-B5C5-D0FCD3307CAF}.Debug|Any CPU.ActiveCfg = Debug|Any CPU
		{7F2F15E3-E9C6-474A-B5C5-D0FCD3307CAF}.Debug|Any CPU.Build.0 = Debug|Any CPU
		{7F2F15E3-E9C6-474A-B5C5-D0FCD3307CAF}.Debug|x86.ActiveCfg = Debug|x86
		{7F2F15E3-E9C6-474A-B5C5-D0FCD3307CAF}.Debug|x86.Build.0 = Debug|x86
		{7F2F15E3-E9C6-474A-B5C5-D0FCD3307CAF}.Release|Any CPU.ActiveCfg = Release|Any CPU
		{7F2F15E3-E9C6-474A-B5C5-D0FCD3307CAF}.Release|Any CPU.Build.0 = Release|Any CPU
		{7F2F15E3-E9C6-474A-B5C5-D0FCD3307CAF}.Release|x86.ActiveCfg = Release|x86
		{7F2F15E3-E9C6-474A-B5C5-D0FCD3307CAF}.Release|x86.Build.0 = Release|x86
		{4F3619A0-2104-4DF4-97F7-5B7F1514EFC0}.Debug|Any CPU.ActiveCfg = Debug|Any CPU
		{4F3619A0-2104-4DF4-97F7-5B7F1514EFC0}.Debug|Any CPU.Build.0 = Debug|Any CPU
		{4F3619A0-2104-4DF4-97F7-5B7F1514EFC0}.Debug|x86.ActiveCfg = Debug|Any CPU
		{4F3619A0-2104-4DF4-97F7-5B7F1514EFC0}.Release|Any CPU.ActiveCfg = Release|Any CPU
		{4F3619A0-2104-4DF4-97F7-5B7F1514EFC0}.Release|Any CPU.Build.0 = Release|Any CPU
		{4F3619A0-2104-4DF4-97F7-5B7F1514EFC0}.Release|x86.ActiveCfg = Release|Any CPU
		{8A3D481D-D598-40F1-BF82-5A5CEF87B904}.Debug|Any CPU.ActiveCfg = Debug|Any CPU
		{8A3D481D-D598-40F1-BF82-5A5CEF87B904}.Debug|Any CPU.Build.0 = Debug|Any CPU
		{8A3D481D-D598-40F1-BF82-5A5CEF87B904}.Debug|x86.ActiveCfg = Debug|x86
		{8A3D481D-D598-40F1-BF82-5A5CEF87B904}.Debug|x86.Build.0 = Debug|x86
		{8A3D481D-D598-40F1-BF82-5A5CEF87B904}.Release|Any CPU.ActiveCfg = Release|Any CPU
		{8A3D481D-D598-40F1-BF82-5A5CEF87B904}.Release|Any CPU.Build.0 = Release|Any CPU
		{8A3D481D-D598-40F1-BF82-5A5CEF87B904}.Release|x86.ActiveCfg = Release|x86
		{8A3D481D-D598-40F1-BF82-5A5CEF87B904}.Release|x86.Build.0 = Release|x86
		{C811875A-2563-471B-9398-54F6086FFAA6}.Debug|Any CPU.ActiveCfg = Debug|Any CPU
		{C811875A-2563-471B-9398-54F6086FFAA6}.Debug|Any CPU.Build.0 = Debug|Any CPU
		{C811875A-2563-471B-9398-54F6086FFAA6}.Debug|x86.ActiveCfg = Debug|x86
		{C811875A-2563-471B-9398-54F6086FFAA6}.Debug|x86.Build.0 = Debug|x86
		{C811875A-2563-471B-9398-54F6086FFAA6}.Release|Any CPU.ActiveCfg = Release|Any CPU
		{C811875A-2563-471B-9398-54F6086FFAA6}.Release|Any CPU.Build.0 = Release|Any CPU
		{C811875A-2563-471B-9398-54F6086FFAA6}.Release|x86.ActiveCfg = Release|x86
		{C811875A-2563-471B-9398-54F6086FFAA6}.Release|x86.Build.0 = Release|x86
	EndGlobalSection
	GlobalSection(SolutionProperties) = preSolution
		HideSolutionNode = FALSE
	EndGlobalSection
EndGlobal
