
Microsoft Visual Studio Solution File, Format Version 12.00
# Visual Studio 2012
Project("{E24C65DC-7377-472B-9ABA-BC803B73C61A}") = "TobaccoTestReports", "http://localhost:8149", "{03826F6C-AAB9-4475-8203-FD69F250A0C7}"
	ProjectSection(WebsiteProperties) = preProject
		UseIISExpress = "true"
		TargetFrameworkMoniker = ".NETFramework,Version%3Dv4.0"
		ProjectReferences = "{174b2558-4e1d-4ad1-8d31-6f37441e547a}|BusinessLogic.dll;{498DB44D-C23E-4BF3-B714-ACAF161F3E29}|DataLogic.dll;"
		Debug.AspNetCompiler.VirtualPath = "/localhost_8149"
		Debug.AspNetCompiler.PhysicalPath = "TobaccoTestReports\"
		Debug.AspNetCompiler.TargetPath = "PrecompiledWeb\localhost_8149\"
		Debug.AspNetCompiler.Updateable = "true"
		Debug.AspNetCompiler.ForceOverwrite = "true"
		Debug.AspNetCompiler.FixedNames = "false"
		Debug.AspNetCompiler.Debug = "True"
		Release.AspNetCompiler.VirtualPath = "/localhost_8149"
		Release.AspNetCompiler.PhysicalPath = "TobaccoTestReports\"
		Release.AspNetCompiler.TargetPath = "PrecompiledWeb\localhost_8149\"
		Release.AspNetCompiler.Updateable = "true"
		Release.AspNetCompiler.ForceOverwrite = "true"
		Release.AspNetCompiler.FixedNames = "false"
		Release.AspNetCompiler.Debug = "False"
		SlnRelativePath = "TobaccoTestReports\"
		DefaultWebSiteLanguage = "Visual C#"
	EndProjectSection
EndProject
Project("{FAE04EC0-301F-11D3-BF4B-00C04F79EFBC}") = "BusinessLogic", "BusinessLogic\BusinessLogic.csproj", "{174B2558-4E1D-4AD1-8D31-6F37441E547A}"
EndProject
Project("{FAE04EC0-301F-11D3-BF4B-00C04F79EFBC}") = "DataLogic", "DataLogic\DataLogic.csproj", "{498DB44D-C23E-4BF3-B714-ACAF161F3E29}"
EndProject
Global
	GlobalSection(SolutionConfigurationPlatforms) = preSolution
		Debug|Any CPU = Debug|Any CPU
		Release|Any CPU = Release|Any CPU
	EndGlobalSection
	GlobalSection(ProjectConfigurationPlatforms) = postSolution
		{03826F6C-AAB9-4475-8203-FD69F250A0C7}.Debug|Any CPU.ActiveCfg = Debug|Any CPU
		{03826F6C-AAB9-4475-8203-FD69F250A0C7}.Debug|Any CPU.Build.0 = Debug|Any CPU
		{03826F6C-AAB9-4475-8203-FD69F250A0C7}.Release|Any CPU.ActiveCfg = Debug|Any CPU
		{03826F6C-AAB9-4475-8203-FD69F250A0C7}.Release|Any CPU.Build.0 = Debug|Any CPU
		{174B2558-4E1D-4AD1-8D31-6F37441E547A}.Debug|Any CPU.ActiveCfg = Debug|Any CPU
		{174B2558-4E1D-4AD1-8D31-6F37441E547A}.Debug|Any CPU.Build.0 = Debug|Any CPU
		{174B2558-4E1D-4AD1-8D31-6F37441E547A}.Release|Any CPU.ActiveCfg = Release|Any CPU
		{174B2558-4E1D-4AD1-8D31-6F37441E547A}.Release|Any CPU.Build.0 = Release|Any CPU
		{498DB44D-C23E-4BF3-B714-ACAF161F3E29}.Debug|Any CPU.ActiveCfg = Debug|Any CPU
		{498DB44D-C23E-4BF3-B714-ACAF161F3E29}.Debug|Any CPU.Build.0 = Debug|Any CPU
		{498DB44D-C23E-4BF3-B714-ACAF161F3E29}.Release|Any CPU.ActiveCfg = Release|Any CPU
		{498DB44D-C23E-4BF3-B714-ACAF161F3E29}.Release|Any CPU.Build.0 = Release|Any CPU
	EndGlobalSection
	GlobalSection(SolutionProperties) = preSolution
		HideSolutionNode = FALSE
	EndGlobalSection
EndGlobal
